
Microsoft Visual Studio Solution File, Format Version 12.00
# Visual Studio Version 16
VisualStudioVersion = 16.0.29806.167
MinimumVisualStudioVersion = 10.0.40219.1
Project("{FAE04EC0-301F-11D3-BF4B-00C04F79EFBC}") = "AllWork1s", "AllWork1s\AllWork1s.csproj", "{E1DEA7E0-0437-4D37-9608-21E8F769CCCB}"
EndProject
Global
	GlobalSection(SolutionConfigurationPlatforms) = preSolution
		Debug|Any CPU = Debug|Any CPU
		Release|Any CPU = Release|Any CPU
	EndGlobalSection
	GlobalSection(ProjectConfigurationPlatforms) = postSolution
		{E1DEA7E0-0437-4D37-9608-21E8F769CCCB}.Debug|Any CPU.ActiveCfg = Debug|Any CPU
		{E1DEA7E0-0437-4D37-9608-21E8F769CCCB}.Debug|Any CPU.Build.0 = Debug|Any CPU
		{E1DEA7E0-0437-4D37-9608-21E8F769CCCB}.Release|Any CPU.ActiveCfg = Release|Any CPU
		{E1DEA7E0-0437-4D37-9608-21E8F769CCCB}.Release|Any CPU.Build.0 = Release|Any CPU
	EndGlobalSection
	GlobalSection(SolutionProperties) = preSolution
		HideSolutionNode = FALSE
	EndGlobalSection
	GlobalSection(ExtensibilityGlobals) = postSolution
		SolutionGuid = {159CCC4A-8542-4CF9-AAAE-A289B23E302D}
	EndGlobalSection
EndGlobal
